
Microsoft Visual Studio Solution File, Format Version 11.00
# Visual Web Developer Express 2010
Project("{F184B08F-C81C-45F6-A57F-5ABD9991F28F}") = "HAMTEC STACKOVERFLOW", "HAMTEC STACKOVERFLOW\HAMTEC STACKOVERFLOW.vbproj", "{DAFEDE2B-63A7-4132-B3FF-172A9F2BE176}"
EndProject
Global
	GlobalSection(SolutionConfigurationPlatforms) = preSolution
		Debug|Any CPU = Debug|Any CPU
		Release|Any CPU = Release|Any CPU
	EndGlobalSection
	GlobalSection(ProjectConfigurationPlatforms) = postSolution
		{DAFEDE2B-63A7-4132-B3FF-172A9F2BE176}.Debug|Any CPU.ActiveCfg = Debug|Any CPU
		{DAFEDE2B-63A7-4132-B3FF-172A9F2BE176}.Debug|Any CPU.Build.0 = Debug|Any CPU
		{DAFEDE2B-63A7-4132-B3FF-172A9F2BE176}.Release|Any CPU.ActiveCfg = Release|Any CPU
		{DAFEDE2B-63A7-4132-B3FF-172A9F2BE176}.Release|Any CPU.Build.0 = Release|Any CPU
	EndGlobalSection
	GlobalSection(SolutionProperties) = preSolution
		HideSolutionNode = FALSE
	EndGlobalSection
EndGlobal
